<?xml version="1.0" encoding="utf-8"?>
<Project ToolsVersion="4.0" xmlns="http://schemas.microsoft.com/developer/msbuild/2003">
  <ItemGroup>
    <Filter Include="Source Files" />
    <Filter Include="Header Files" />
    <Filter Include="Other Files" />
  </ItemGroup>
  <ItemGroup>
    <ClCompile Include="CGStreamAsyncReaderWriter.cpp">
      <Filter>Source Files</Filter>
    </ClCompile>
    <ClInclude Include="Buffer.h">
      <Filter>Header Files</Filter>
    </ClInclude>
    <ClInclude Include="BufferDetail.h">
      <Filter>Header Files</Filter>
    </ClInclude>
    <ClInclude Include="BufferImpl.h">
      <Filter>Header Files</Filter>
    </ClInclude>
    <ClInclude Include="CGStreamAsyncReaderWriter.h">
      <Filter>Header Files</Filter>
    </ClInclude>
    <ClInclude Include="Type.h">
      <Filter>Header Files</Filter>
    </ClInclude>
    <None Include="StreamCommon.project.xml">
      <Filter>Other Files</Filter>
    </None>
  </ItemGroup>
</Project>
