<?xml version="1.0" encoding="utf-8"?>
<Project ToolsVersion="4.0" xmlns="http://schemas.microsoft.com/developer/msbuild/2003">
  <ItemGroup>
    <Filter Include="Source Files" />
    <Filter Include="Header Files" />
    <Filter Include="Other Files" />
  </ItemGroup>
  <ItemGroup>
    <ClCompile Include="Dummy.cpp">
      <Filter>Source Files</Filter>
    </ClCompile>
    <ClInclude Include="ApexHaptics.h">
      <Filter>Header Files</Filter>
    </ClInclude>
    <ClInclude Include="ApplicationInfo.h">
      <Filter>Header Files</Filter>
    </ClInclude>
    <ClInclude Include="CameraCalibrationHealth.h">
      <Filter>Header Files</Filter>
    </ClInclude>
    <ClInclude Include="CameraCalibrationHealthDetail.h">
      <Filter>Header Files</Filter>
    </ClInclude>
    <ClInclude Include="CameraCalibrationInfo.h">
      <Filter>Header Files</Filter>
    </ClInclude>
    <ClInclude Include="CameraInfo.h">
      <Filter>Header Files</Filter>
    </ClInclude>
    <ClInclude Include="CameraSensorInfo.h">
      <Filter>Header Files</Filter>
    </ClInclude>
    <ClInclude Include="CameraTimingInfo.h">
      <Filter>Header Files</Filter>
    </ClInclude>
    <ClInclude Include="CameraWand2d.h">
      <Filter>Header Files</Filter>
    </ClInclude>
    <ClInclude Include="CameraWand2dDetail.h">
      <Filter>Header Files</Filter>
    </ClInclude>
    <ClInclude Include="CameraWand3d.h">
      <Filter>Header Files</Filter>
    </ClInclude>
    <ClInclude Include="CameraWand3dDetail.h">
      <Filter>Header Files</Filter>
    </ClInclude>
    <ClInclude Include="CentreOfPressureFrame.h">
      <Filter>Header Files</Filter>
    </ClInclude>
    <ClInclude Include="Centroids.h">
      <Filter>Header Files</Filter>
    </ClInclude>
    <ClInclude Include="CentroidsDetail.h">
      <Filter>Header Files</Filter>
    </ClInclude>
    <ClInclude Include="CentroidTracks.h">
      <Filter>Header Files</Filter>
    </ClInclude>
    <ClInclude Include="CentroidTracksDetail.h">
      <Filter>Header Files</Filter>
    </ClInclude>
    <ClInclude Include="CentroidWeights.h">
      <Filter>Header Files</Filter>
    </ClInclude>
    <ClInclude Include="ChannelInfo.h">
      <Filter>Header Files</Filter>
    </ClInclude>
    <ClInclude Include="Contents.h">
      <Filter>Header Files</Filter>
    </ClInclude>
    <ClInclude Include="DeviceInfo.h">
      <Filter>Header Files</Filter>
    </ClInclude>
    <ClInclude Include="EdgePairs.h">
      <Filter>Header Files</Filter>
    </ClInclude>
    <ClInclude Include="EdgePairsDetail.h">
      <Filter>Header Files</Filter>
    </ClInclude>
    <ClInclude Include="Enum.h">
      <Filter>Header Files</Filter>
    </ClInclude>
    <ClInclude Include="EyeTrackerFrame.h">
      <Filter>Header Files</Filter>
    </ClInclude>
    <ClInclude Include="EyeTrackerInfo.h">
      <Filter>Header Files</Filter>
    </ClInclude>
    <ClInclude Include="Filter.h">
      <Filter>Header Files</Filter>
    </ClInclude>
    <ClInclude Include="ForceFrame.h">
      <Filter>Header Files</Filter>
    </ClInclude>
    <ClInclude Include="ForcePlateInfo.h">
      <Filter>Header Files</Filter>
    </ClInclude>
    <ClInclude Include="FrameInfo.h">
      <Filter>Header Files</Filter>
    </ClInclude>
    <ClInclude Include="FrameRateInfo.h">
      <Filter>Header Files</Filter>
    </ClInclude>
    <ClInclude Include="GlobalSegments.h">
      <Filter>Header Files</Filter>
    </ClInclude>
    <ClInclude Include="GlobalSegmentsDetail.h">
      <Filter>Header Files</Filter>
    </ClInclude>
    <ClInclude Include="GreyscaleBlobs.h">
      <Filter>Header Files</Filter>
    </ClInclude>
    <ClInclude Include="GreyscaleBlobsDetail.h">
      <Filter>Header Files</Filter>
    </ClInclude>
    <ClInclude Include="GreyscaleSubsampledBlobs.h">
      <Filter>Header Files</Filter>
    </ClInclude>
    <ClInclude Include="HardwareFrameInfo.h">
      <Filter>Header Files</Filter>
    </ClInclude>
    <ClInclude Include="IsEqual.h">
      <Filter>Header Files</Filter>
    </ClInclude>
    <ClInclude Include="Item.h">
      <Filter>Header Files</Filter>
    </ClInclude>
    <ClInclude Include="KeepAlive.h">
      <Filter>Header Files</Filter>
    </ClInclude>
    <ClInclude Include="LabeledReconRayAssignments.h">
      <Filter>Header Files</Filter>
    </ClInclude>
    <ClInclude Include="LabeledRecons.h">
      <Filter>Header Files</Filter>
    </ClInclude>
    <ClInclude Include="LabeledReconsDetail.h">
      <Filter>Header Files</Filter>
    </ClInclude>
    <ClInclude Include="LatencyInfo.h">
      <Filter>Header Files</Filter>
    </ClInclude>
    <ClInclude Include="LatencyInfoDetail.h">
      <Filter>Header Files</Filter>
    </ClInclude>
    <ClInclude Include="LightweightSegments.h">
      <Filter>Header Files</Filter>
    </ClInclude>
    <ClInclude Include="LightweightSegmentsDetail.h">
      <Filter>Header Files</Filter>
    </ClInclude>
    <ClInclude Include="LocalSegments.h">
      <Filter>Header Files</Filter>
    </ClInclude>
    <ClInclude Include="LocalSegmentsDetail.h">
      <Filter>Header Files</Filter>
    </ClInclude>
    <ClInclude Include="MomentFrame.h">
      <Filter>Header Files</Filter>
    </ClInclude>
    <ClInclude Include="ObjectEnums.h">
      <Filter>Header Files</Filter>
    </ClInclude>
    <ClInclude Include="ObjectQuality.h">
      <Filter>Header Files</Filter>
    </ClInclude>
    <ClInclude Include="Ping.h">
      <Filter>Header Files</Filter>
    </ClInclude>
    <ClInclude Include="ReconRayAssignmentsDetail.h">
      <Filter>Header Files</Filter>
    </ClInclude>
    <ClInclude Include="RequestFrame.h">
      <Filter>Header Files</Filter>
    </ClInclude>
    <ClInclude Include="RequestNextFrame.h">
      <Filter>Header Files</Filter>
    </ClInclude>
    <ClInclude Include="ScopedReader.h">
      <Filter>Header Files</Filter>
    </ClInclude>
    <ClInclude Include="ScopedWriter.h">
      <Filter>Header Files</Filter>
    </ClInclude>
    <ClInclude Include="StartMulticastSender.h">
      <Filter>Header Files</Filter>
    </ClInclude>
    <ClInclude Include="StopMulticastSender.h">
      <Filter>Header Files</Filter>
    </ClInclude>
    <ClInclude Include="StreamInfo.h">
      <Filter>Header Files</Filter>
    </ClInclude>
    <ClInclude Include="SubjectHealth.h">
      <Filter>Header Files</Filter>
    </ClInclude>
    <ClInclude Include="SubjectInfo.h">
      <Filter>Header Files</Filter>
    </ClInclude>
    <ClInclude Include="SubjectInfoDetail.h">
      <Filter>Header Files</Filter>
    </ClInclude>
    <ClInclude Include="SubjectScale.h">
      <Filter>Header Files</Filter>
    </ClInclude>
    <ClInclude Include="SubjectScaleDetail.h">
      <Filter>Header Files</Filter>
    </ClInclude>
    <ClInclude Include="SubjectTopology.h">
      <Filter>Header Files</Filter>
    </ClInclude>
    <ClInclude Include="SubjectTopologyDetail.h">
      <Filter>Header Files</Filter>
    </ClInclude>
    <ClInclude Include="Timecode.h">
      <Filter>Header Files</Filter>
    </ClInclude>
    <ClInclude Include="UnlabeledReconRayAssignments.h">
      <Filter>Header Files</Filter>
    </ClInclude>
    <ClInclude Include="UnlabeledRecons.h">
      <Filter>Header Files</Filter>
    </ClInclude>
    <ClInclude Include="UnlabeledReconsDetail.h">
      <Filter>Header Files</Filter>
    </ClInclude>
    <ClInclude Include="VideoFrame.h">
      <Filter>Header Files</Filter>
    </ClInclude>
    <ClInclude Include="VoltageFrame.h">
      <Filter>Header Files</Filter>
    </ClInclude>
    <None Include="ViconCGStream.project.xml">
      <Filter>Other Files</Filter>
    </None>
  </ItemGroup>
</Project>
